
Microsoft Visual Studio Solution File, Format Version 12.00
# Visual Studio 2012
Project("{2150E333-8FDC-42A3-9474-1A3956D46DE8}") = "Solution Items", "Solution Items", "{2869EDF5-93A6-4AEF-AFF8-55B083575A48}"
	ProjectSection(SolutionItems) = preProject
		LocalTestRun.testrunconfig = LocalTestRun.testrunconfig
		SpecExpress.vsmdi = SpecExpress.vsmdi
	EndProjectSection
EndProject
Project("{FAE04EC0-301F-11D3-BF4B-00C04F79EFBC}") = "SpecExpress", "SpecExpress\SpecExpress.csproj", "{0A8DF7B2-EAFC-457B-93EF-EE3030ABAF46}"
EndProject
Project("{FAE04EC0-301F-11D3-BF4B-00C04F79EFBC}") = "SpecExpress.Test.Domain", "SpecExpress.Test.Domain\SpecExpress.Test.Domain.csproj", "{EBFBAF72-555E-4FC8-AD82-3C66D8D7C8E7}"
EndProject
Project("{FAE04EC0-301F-11D3-BF4B-00C04F79EFBC}") = "SpecExpress.Test", "SpecExpress.Test\SpecExpress.Test.csproj", "{78D20181-3C87-4DB2-AD31-1D17A159BC16}"
EndProject
Project("{FAE04EC0-301F-11D3-BF4B-00C04F79EFBC}") = "SpecExpress.Test.Concurrency", "SpecExpress.Test.Concurrency\SpecExpress.Test.Concurrency.csproj", "{5EBF5191-FF1E-4940-8520-D34CAF45ADB0}"
EndProject
Project("{FAE04EC0-301F-11D3-BF4B-00C04F79EFBC}") = "SpecExpress.Web", "SpecExpress.Web\SpecExpress.Web.csproj", "{01482E62-23D8-4A15-B5F1-6594AF297F51}"
EndProject
Project("{FAE04EC0-301F-11D3-BF4B-00C04F79EFBC}") = "SpecExpress.MVC", "SpecExpress.MVC\SpecExpress.MVC.csproj", "{2CB44CB6-F693-4429-A576-D186EA192AF8}"
EndProject
Project("{FAE04EC0-301F-11D3-BF4B-00C04F79EFBC}") = "SpecExpress.MVC.Example", "SpecExpress.MVC.Example\SpecExpress.MVC.Example.csproj", "{B6BCE242-E5C6-442C-AA92-4B55AD73C75A}"
EndProject
Project("{FAE04EC0-301F-11D3-BF4B-00C04F79EFBC}") = "SpecExpress.Silverlight", "SpecExpress.Silverlight\SpecExpress.Silverlight.csproj", "{E5640A72-5D0D-41D7-85A9-CB7C39D63662}"
EndProject
Project("{2150E333-8FDC-42A3-9474-1A3956D46DE8}") = "MVC", "MVC", "{D17C3DBE-FB93-4547-BFB3-2FC57C710884}"
EndProject
Project("{2150E333-8FDC-42A3-9474-1A3956D46DE8}") = "Silverlight", "Silverlight", "{235C2588-3810-4107-94A0-02CF993EA651}"
EndProject
Project("{FAE04EC0-301F-11D3-BF4B-00C04F79EFBC}") = "SampleSilverlightApp", "SampleSilverlightApp\SampleSilverlightApp.csproj", "{5777B66A-59DC-497A-A5E7-2D5B854A03ED}"
EndProject
Project("{FAE04EC0-301F-11D3-BF4B-00C04F79EFBC}") = "SampleSilverlightDomain", "SampleSilverlightDomain\SampleSilverlightDomain.csproj", "{6E1516ED-10D1-4230-A311-D84F8FFB562A}"
EndProject
Project("{2150E333-8FDC-42A3-9474-1A3956D46DE8}") = "ASPNet", "ASPNet", "{562E6691-22F5-4C8F-9070-F1B3E1A59132}"
EndProject
Global
	GlobalSection(TestCaseManagementSettings) = postSolution
		CategoryFile = SpecExpress.vsmdi
	EndGlobalSection
	GlobalSection(SolutionConfigurationPlatforms) = preSolution
		Debug|Any CPU = Debug|Any CPU
		Release|Any CPU = Release|Any CPU
	EndGlobalSection
	GlobalSection(ProjectConfigurationPlatforms) = postSolution
		{0A8DF7B2-EAFC-457B-93EF-EE3030ABAF46}.Debug|Any CPU.ActiveCfg = Debug|Any CPU
		{0A8DF7B2-EAFC-457B-93EF-EE3030ABAF46}.Debug|Any CPU.Build.0 = Debug|Any CPU
		{0A8DF7B2-EAFC-457B-93EF-EE3030ABAF46}.Release|Any CPU.ActiveCfg = Release|Any CPU
		{0A8DF7B2-EAFC-457B-93EF-EE3030ABAF46}.Release|Any CPU.Build.0 = Release|Any CPU
		{EBFBAF72-555E-4FC8-AD82-3C66D8D7C8E7}.Debug|Any CPU.ActiveCfg = Debug|Any CPU
		{EBFBAF72-555E-4FC8-AD82-3C66D8D7C8E7}.Debug|Any CPU.Build.0 = Debug|Any CPU
		{EBFBAF72-555E-4FC8-AD82-3C66D8D7C8E7}.Release|Any CPU.ActiveCfg = Release|Any CPU
		{EBFBAF72-555E-4FC8-AD82-3C66D8D7C8E7}.Release|Any CPU.Build.0 = Release|Any CPU
		{78D20181-3C87-4DB2-AD31-1D17A159BC16}.Debug|Any CPU.ActiveCfg = Debug|Any CPU
		{78D20181-3C87-4DB2-AD31-1D17A159BC16}.Debug|Any CPU.Build.0 = Debug|Any CPU
		{78D20181-3C87-4DB2-AD31-1D17A159BC16}.Release|Any CPU.ActiveCfg = Release|Any CPU
		{78D20181-3C87-4DB2-AD31-1D17A159BC16}.Release|Any CPU.Build.0 = Release|Any CPU
		{5EBF5191-FF1E-4940-8520-D34CAF45ADB0}.Debug|Any CPU.ActiveCfg = Debug|Any CPU
		{5EBF5191-FF1E-4940-8520-D34CAF45ADB0}.Debug|Any CPU.Build.0 = Debug|Any CPU
		{5EBF5191-FF1E-4940-8520-D34CAF45ADB0}.Release|Any CPU.ActiveCfg = Release|Any CPU
		{5EBF5191-FF1E-4940-8520-D34CAF45ADB0}.Release|Any CPU.Build.0 = Release|Any CPU
		{01482E62-23D8-4A15-B5F1-6594AF297F51}.Debug|Any CPU.ActiveCfg = Debug|Any CPU
		{01482E62-23D8-4A15-B5F1-6594AF297F51}.Release|Any CPU.ActiveCfg = Release|Any CPU
		{01482E62-23D8-4A15-B5F1-6594AF297F51}.Release|Any CPU.Build.0 = Release|Any CPU
		{2CB44CB6-F693-4429-A576-D186EA192AF8}.Debug|Any CPU.ActiveCfg = Debug|Any CPU
		{2CB44CB6-F693-4429-A576-D186EA192AF8}.Release|Any CPU.ActiveCfg = Release|Any CPU
		{2CB44CB6-F693-4429-A576-D186EA192AF8}.Release|Any CPU.Build.0 = Release|Any CPU
		{B6BCE242-E5C6-442C-AA92-4B55AD73C75A}.Debug|Any CPU.ActiveCfg = Debug|Any CPU
		{B6BCE242-E5C6-442C-AA92-4B55AD73C75A}.Release|Any CPU.ActiveCfg = Release|Any CPU
		{B6BCE242-E5C6-442C-AA92-4B55AD73C75A}.Release|Any CPU.Build.0 = Release|Any CPU
		{E5640A72-5D0D-41D7-85A9-CB7C39D63662}.Debug|Any CPU.ActiveCfg = Debug|Any CPU
		{E5640A72-5D0D-41D7-85A9-CB7C39D63662}.Release|Any CPU.ActiveCfg = Release|Any CPU
		{E5640A72-5D0D-41D7-85A9-CB7C39D63662}.Release|Any CPU.Build.0 = Release|Any CPU
		{5777B66A-59DC-497A-A5E7-2D5B854A03ED}.Debug|Any CPU.ActiveCfg = Debug|Any CPU
		{5777B66A-59DC-497A-A5E7-2D5B854A03ED}.Release|Any CPU.ActiveCfg = Release|Any CPU
		{5777B66A-59DC-497A-A5E7-2D5B854A03ED}.Release|Any CPU.Build.0 = Release|Any CPU
		{6E1516ED-10D1-4230-A311-D84F8FFB562A}.Debug|Any CPU.ActiveCfg = Debug|Any CPU
		{6E1516ED-10D1-4230-A311-D84F8FFB562A}.Release|Any CPU.ActiveCfg = Release|Any CPU
		{6E1516ED-10D1-4230-A311-D84F8FFB562A}.Release|Any CPU.Build.0 = Release|Any CPU
	EndGlobalSection
	GlobalSection(SolutionProperties) = preSolution
		HideSolutionNode = FALSE
	EndGlobalSection
	GlobalSection(NestedProjects) = preSolution
		{01482E62-23D8-4A15-B5F1-6594AF297F51} = {562E6691-22F5-4C8F-9070-F1B3E1A59132}
		{B6BCE242-E5C6-442C-AA92-4B55AD73C75A} = {D17C3DBE-FB93-4547-BFB3-2FC57C710884}
		{2CB44CB6-F693-4429-A576-D186EA192AF8} = {D17C3DBE-FB93-4547-BFB3-2FC57C710884}
		{E5640A72-5D0D-41D7-85A9-CB7C39D63662} = {235C2588-3810-4107-94A0-02CF993EA651}
		{5777B66A-59DC-497A-A5E7-2D5B854A03ED} = {235C2588-3810-4107-94A0-02CF993EA651}
		{6E1516ED-10D1-4230-A311-D84F8FFB562A} = {235C2588-3810-4107-94A0-02CF993EA651}
	EndGlobalSection
EndGlobal
